
Microsoft Visual Studio Solution File, Format Version 12.00
# Visual Studio Version 16
VisualStudioVersion = 16.0.30717.126
MinimumVisualStudioVersion = 10.0.40219.1
Project("{9A19103F-16F7-4668-BE54-9A1E7A4F7556}") = "ExemploAPi", "ExemploAPi\ExemploAPi.csproj", "{71503594-1241-431F-8C7A-F120B3F2C63D}"
EndProject
Project("{FAE04EC0-301F-11D3-BF4B-00C04F79EFBC}") = "ExemploAPi.Domain", "ExemploAPi.Domain\ExemploAPi.Domain.csproj", "{216701AE-A6FB-43F7-B702-11F5C2F66D96}"
EndProject
Project("{FAE04EC0-301F-11D3-BF4B-00C04F79EFBC}") = "ExemploAPi.Data", "..\ExemploAPi.Data\ExemploAPi.Data.csproj", "{3B755156-DB06-469B-B1D5-FB714883E56D}"
EndProject
Global
	GlobalSection(SolutionConfigurationPlatforms) = preSolution
		Debug|Any CPU = Debug|Any CPU
		Release|Any CPU = Release|Any CPU
	EndGlobalSection
	GlobalSection(ProjectConfigurationPlatforms) = postSolution
		{71503594-1241-431F-8C7A-F120B3F2C63D}.Debug|Any CPU.ActiveCfg = Debug|Any CPU
		{71503594-1241-431F-8C7A-F120B3F2C63D}.Debug|Any CPU.Build.0 = Debug|Any CPU
		{71503594-1241-431F-8C7A-F120B3F2C63D}.Release|Any CPU.ActiveCfg = Release|Any CPU
		{71503594-1241-431F-8C7A-F120B3F2C63D}.Release|Any CPU.Build.0 = Release|Any CPU
		{216701AE-A6FB-43F7-B702-11F5C2F66D96}.Debug|Any CPU.ActiveCfg = Debug|Any CPU
		{216701AE-A6FB-43F7-B702-11F5C2F66D96}.Debug|Any CPU.Build.0 = Debug|Any CPU
		{216701AE-A6FB-43F7-B702-11F5C2F66D96}.Release|Any CPU.ActiveCfg = Release|Any CPU
		{216701AE-A6FB-43F7-B702-11F5C2F66D96}.Release|Any CPU.Build.0 = Release|Any CPU
		{3B755156-DB06-469B-B1D5-FB714883E56D}.Debug|Any CPU.ActiveCfg = Debug|Any CPU
		{3B755156-DB06-469B-B1D5-FB714883E56D}.Debug|Any CPU.Build.0 = Debug|Any CPU
		{3B755156-DB06-469B-B1D5-FB714883E56D}.Release|Any CPU.ActiveCfg = Release|Any CPU
		{3B755156-DB06-469B-B1D5-FB714883E56D}.Release|Any CPU.Build.0 = Release|Any CPU
	EndGlobalSection
	GlobalSection(SolutionProperties) = preSolution
		HideSolutionNode = FALSE
	EndGlobalSection
	GlobalSection(ExtensibilityGlobals) = postSolution
		SolutionGuid = {93877969-ED2D-4839-A6D6-F4A010F26687}
	EndGlobalSection
EndGlobal
